
Microsoft Visual Studio Solution File, Format Version 12.00
# Visual Studio 14
VisualStudioVersion = 14.0.25420.1
MinimumVisualStudioVersion = 10.0.40219.1
Project("{FAE04EC0-301F-11D3-BF4B-00C04F79EFBC}") = "UI", "UI\UI.csproj", "{E9914137-8FD5-4C05-804E-366D3668E37A}"
EndProject
Project("{FAE04EC0-301F-11D3-BF4B-00C04F79EFBC}") = "Connector", "Connector\Connector.csproj", "{86A506DC-F50C-4082-9A36-29C6EABAA405}"
EndProject
Project("{FAE04EC0-301F-11D3-BF4B-00C04F79EFBC}") = "Model", "Model\Model.csproj", "{D76B05F6-5AD6-4ED7-A204-D7A3F05EDDAB}"
EndProject
Global
	GlobalSection(SolutionConfigurationPlatforms) = preSolution
		Debug|Any CPU = Debug|Any CPU
		Release|Any CPU = Release|Any CPU
	EndGlobalSection
	GlobalSection(ProjectConfigurationPlatforms) = postSolution
		{E9914137-8FD5-4C05-804E-366D3668E37A}.Debug|Any CPU.ActiveCfg = Debug|Any CPU
		{E9914137-8FD5-4C05-804E-366D3668E37A}.Debug|Any CPU.Build.0 = Debug|Any CPU
		{E9914137-8FD5-4C05-804E-366D3668E37A}.Release|Any CPU.ActiveCfg = Release|Any CPU
		{E9914137-8FD5-4C05-804E-366D3668E37A}.Release|Any CPU.Build.0 = Release|Any CPU
		{86A506DC-F50C-4082-9A36-29C6EABAA405}.Debug|Any CPU.ActiveCfg = Debug|Any CPU
		{86A506DC-F50C-4082-9A36-29C6EABAA405}.Debug|Any CPU.Build.0 = Debug|Any CPU
		{86A506DC-F50C-4082-9A36-29C6EABAA405}.Release|Any CPU.ActiveCfg = Release|Any CPU
		{86A506DC-F50C-4082-9A36-29C6EABAA405}.Release|Any CPU.Build.0 = Release|Any CPU
		{D76B05F6-5AD6-4ED7-A204-D7A3F05EDDAB}.Debug|Any CPU.ActiveCfg = Debug|Any CPU
		{D76B05F6-5AD6-4ED7-A204-D7A3F05EDDAB}.Debug|Any CPU.Build.0 = Debug|Any CPU
		{D76B05F6-5AD6-4ED7-A204-D7A3F05EDDAB}.Release|Any CPU.ActiveCfg = Release|Any CPU
		{D76B05F6-5AD6-4ED7-A204-D7A3F05EDDAB}.Release|Any CPU.Build.0 = Release|Any CPU
	EndGlobalSection
	GlobalSection(SolutionProperties) = preSolution
		HideSolutionNode = FALSE
	EndGlobalSection
EndGlobal
